// !$*UTF8*$!
{
	archiveVersion = 1;
	classes = {
	};
	objectVersion = 53;
	objects = {

/* Begin PBXBuildFile section */
		FCC4E3DD29C67D3600952E75 /* Neon.m in Sources */ = {isa = PBXBuildFile; fileRef = FCC4E3DA29C67D3600952E75 /* Neon.m */; };
		FCC4E3DE29C67D3600952E75 /* Neon.c in Sources */ = {isa = PBXBuildFile; fileRef = FCC4E3DB29C67D3600952E75 /* Neon.c */; };
		FCC4E3E829C680D000952E75 /* main.c in Sources */ = {isa = PBXBuildFile; fileRef = FCC4E3E729C680D000952E75 /* main.c */; };
		FCC4E3ED29C6818800952E75 /* libNeon.a in Frameworks */ = {isa = PBXBuildFile; fileRef = FCC4E3D129C67D1A00952E75 /* libNeon.a */; };
		FCC4E3F029C6829600952E75 /* Neon.h in Headers */ = {isa = PBXBuildFile; fileRef = FCC4E3D829C67D3600952E75 /* Neon.h */; };
/* End PBXBuildFile section */

/* Begin PBXContainerItemProxy section */
		FCC4E3EE29C6818800952E75 /* PBXContainerItemProxy */ = {
			isa = PBXContainerItemProxy;
			containerPortal = FCC4E3C929C67D1A00952E75 /* Project object */;
			proxyType = 1;
			remoteGlobalIDString = FCC4E3D029C67D1A00952E75;
			remoteInfo = Neon;
		};
/* End PBXContainerItemProxy section */

/* Begin PBXCopyFilesBuildPhase section */
		FCC4E3E329C680D000952E75 /* CopyFiles */ = {
			isa = PBXCopyFilesBuildPhase;
			buildActionMask = 2147483647;
			dstPath = /usr/share/man/man1/;
			dstSubfolderSpec = 0;
			files = (
			);
			runOnlyForDeploymentPostprocessing = 1;
		};
/* End PBXCopyFilesBuildPhase section */

/* Begin PBXFileReference section */
		FCC4E3D129C67D1A00952E75 /* libNeon.a */ = {isa = PBXFileReference; explicitFileType = archive.ar; includeInIndex = 0; path = libNeon.a; sourceTree = BUILT_PRODUCTS_DIR; };
		FCC4E3D829C67D3600952E75 /* Neon.h */ = {isa = PBXFileReference; fileEncoding = 4; lastKnownFileType = sourcecode.c.h; path = Neon.h; sourceTree = "<group>"; };
		FCC4E3DA29C67D3600952E75 /* Neon.m */ = {isa = PBXFileReference; fileEncoding = 4; lastKnownFileType = sourcecode.c.objc; path = Neon.m; sourceTree = "<group>"; };
		FCC4E3DB29C67D3600952E75 /* Neon.c */ = {isa = PBXFileReference; fileEncoding = 4; lastKnownFileType = sourcecode.c.c; path = Neon.c; sourceTree = "<group>"; };
		FCC4E3E529C680D000952E75 /* Example */ = {isa = PBXFileReference; explicitFileType = "compiled.mach-o.executable"; includeInIndex = 0; path = Example; sourceTree = BUILT_PRODUCTS_DIR; };
		FCC4E3E729C680D000952E75 /* main.c */ = {isa = PBXFileReference; lastKnownFileType = sourcecode.c.c; path = main.c; sourceTree = "<group>"; };
/* End PBXFileReference section */

/* Begin PBXFrameworksBuildPhase section */
		FCC4E3CF29C67D1A00952E75 /* Frameworks */ = {
			isa = PBXFrameworksBuildPhase;
			buildActionMask = 2147483647;
			files = (
			);
			runOnlyForDeploymentPostprocessing = 0;
		};
		FCC4E3E229C680D000952E75 /* Frameworks */ = {
			isa = PBXFrameworksBuildPhase;
			buildActionMask = 2147483647;
			files = (
				FCC4E3ED29C6818800952E75 /* libNeon.a in Frameworks */,
			);
			runOnlyForDeploymentPostprocessing = 0;
		};
/* End PBXFrameworksBuildPhase section */

/* Begin PBXGroup section */
		FCC4E3C829C67D1A00952E75 = {
			isa = PBXGroup;
			children = (
				FCC4E3E029C67D4900952E75 /* src */,
				FCC4E3DF29C67D3F00952E75 /* include */,
				FCC4E3E629C680D000952E75 /* Example */,
				FCC4E3D229C67D1A00952E75 /* Products */,
				FCC4E3EC29C6818800952E75 /* Frameworks */,
			);
			sourceTree = "<group>";
			usesTabs = 1;
		};
		FCC4E3D229C67D1A00952E75 /* Products */ = {
			isa = PBXGroup;
			children = (
				FCC4E3D129C67D1A00952E75 /* libNeon.a */,
				FCC4E3E529C680D000952E75 /* Example */,
			);
			name = Products;
			sourceTree = "<group>";
		};
		FCC4E3D929C67D3600952E75 /* mac */ = {
			isa = PBXGroup;
			children = (
				FCC4E3DA29C67D3600952E75 /* Neon.m */,
			);
			path = mac;
			sourceTree = "<group>";
		};
		FCC4E3DF29C67D3F00952E75 /* include */ = {
			isa = PBXGroup;
			children = (
				FCC4E3D829C67D3600952E75 /* Neon.h */,
			);
			path = include;
			sourceTree = "<group>";
		};
		FCC4E3E029C67D4900952E75 /* src */ = {
			isa = PBXGroup;
			children = (
				FCC4E3DB29C67D3600952E75 /* Neon.c */,
				FCC4E3D929C67D3600952E75 /* mac */,
			);
			path = src;
			sourceTree = "<group>";
		};
		FCC4E3E629C680D000952E75 /* Example */ = {
			isa = PBXGroup;
			children = (
				FCC4E3E729C680D000952E75 /* main.c */,
			);
			path = Example;
			sourceTree = "<group>";
		};
		FCC4E3EC29C6818800952E75 /* Frameworks */ = {
			isa = PBXGroup;
			children = (
			);
			name = Frameworks;
			sourceTree = "<group>";
		};
/* End PBXGroup section */

/* Begin PBXHeadersBuildPhase section */
		FCC4E3CD29C67D1A00952E75 /* Headers */ = {
			isa = PBXHeadersBuildPhase;
			buildActionMask = 2147483647;
			files = (
				FCC4E3F029C6829600952E75 /* Neon.h in Headers */,
			);
			runOnlyForDeploymentPostprocessing = 0;
		};
/* End PBXHeadersBuildPhase section */

/* Begin PBXNativeTarget section */
		FCC4E3D029C67D1A00952E75 /* Neon */ = {
			isa = PBXNativeTarget;
			buildConfigurationList = FCC4E3D529C67D1A00952E75 /* Build configuration list for PBXNativeTarget "Neon" */;
			buildPhases = (
				FCC4E3CD29C67D1A00952E75 /* Headers */,
				FCC4E3CE29C67D1A00952E75 /* Sources */,
				FCC4E3CF29C67D1A00952E75 /* Frameworks */,
			);
			buildRules = (
			);
			dependencies = (
			);
			name = Neon;
			productName = Neon;
			productReference = FCC4E3D129C67D1A00952E75 /* libNeon.a */;
			productType = "com.apple.product-type.library.static";
		};
		FCC4E3E429C680D000952E75 /* Example */ = {
			isa = PBXNativeTarget;
			buildConfigurationList = FCC4E3EB29C680D000952E75 /* Build configuration list for PBXNativeTarget "Example" */;
			buildPhases = (
				FCC4E3E129C680D000952E75 /* Sources */,
				FCC4E3E229C680D000952E75 /* Frameworks */,
				FCC4E3E329C680D000952E75 /* CopyFiles */,
			);
			buildRules = (
			);
			dependencies = (
				FCC4E3EF29C6818800952E75 /* PBXTargetDependency */,
			);
			name = Example;
			productName = Example;
			productReference = FCC4E3E529C680D000952E75 /* Example */;
			productType = "com.apple.product-type.tool";
		};
/* End PBXNativeTarget section */

/* Begin PBXProject section */
		FCC4E3C929C67D1A00952E75 /* Project object */ = {
			isa = PBXProject;
			attributes = {
				BuildIndependentTargetsInParallel = 1;
				LastUpgradeCheck = 1340;
				TargetAttributes = {
					FCC4E3D029C67D1A00952E75 = {
						CreatedOnToolsVersion = 13.4.1;
					};
					FCC4E3E429C680D000952E75 = {
						CreatedOnToolsVersion = 13.4.1;
					};
				};
			};
			buildConfigurationList = FCC4E3CC29C67D1A00952E75 /* Build configuration list for PBXProject "Neon" */;
			compatibilityVersion = "Xcode 3.1";
			developmentRegion = en;
			hasScannedForEncodings = 0;
			knownRegions = (
				en,
				Base,
			);
			mainGroup = FCC4E3C829C67D1A00952E75;
			productRefGroup = FCC4E3D229C67D1A00952E75 /* Products */;
			projectDirPath = "";
			projectRoot = "";
			targets = (
				FCC4E3D029C67D1A00952E75 /* Neon */,
				FCC4E3E429C680D000952E75 /* Example */,
			);
		};
/* End PBXProject section */

/* Begin PBXSourcesBuildPhase section */
		FCC4E3CE29C67D1A00952E75 /* Sources */ = {
			isa = PBXSourcesBuildPhase;
			buildActionMask = 2147483647;
			files = (
				FCC4E3DE29C67D3600952E75 /* Neon.c in Sources */,
				FCC4E3DD29C67D3600952E75 /* Neon.m in Sources */,
			);
			runOnlyForDeploymentPostprocessing = 0;
		};
		FCC4E3E129C680D000952E75 /* Sources */ = {
			isa = PBXSourcesBuildPhase;
			buildActionMask = 2147483647;
			files = (
				FCC4E3E829C680D000952E75 /* main.c in Sources */,
			);
			runOnlyForDeploymentPostprocessing = 0;
		};
/* End PBXSourcesBuildPhase section */

/* Begin PBXTargetDependency section */
		FCC4E3EF29C6818800952E75 /* PBXTargetDependency */ = {
			isa = PBXTargetDependency;
			target = FCC4E3D029C67D1A00952E75 /* Neon */;
			targetProxy = FCC4E3EE29C6818800952E75 /* PBXContainerItemProxy */;
		};
/* End PBXTargetDependency section */

/* Begin XCBuildConfiguration section */
		FCC4E3D329C67D1A00952E75 /* Debug */ = {
			isa = XCBuildConfiguration;
			buildSettings = {
				ALWAYS_SEARCH_USER_PATHS = NO;
				CLANG_ANALYZER_NONNULL = YES;
				CLANG_ANALYZER_NUMBER_OBJECT_CONVERSION = YES_AGGRESSIVE;
				CLANG_CXX_LANGUAGE_STANDARD = "gnu++17";
				CLANG_ENABLE_MODULES = YES;
				CLANG_ENABLE_OBJC_ARC = YES;
				CLANG_ENABLE_OBJC_WEAK = YES;
				CLANG_WARN_BLOCK_CAPTURE_AUTORELEASING = YES;
				CLANG_WARN_BOOL_CONVERSION = YES;
				CLANG_WARN_COMMA = YES;
				CLANG_WARN_CONSTANT_CONVERSION = YES;
				CLANG_WARN_DEPRECATED_OBJC_IMPLEMENTATIONS = YES;
				CLANG_WARN_DIRECT_OBJC_ISA_USAGE = YES_ERROR;
				CLANG_WARN_DOCUMENTATION_COMMENTS = YES;
				CLANG_WARN_EMPTY_BODY = YES;
				CLANG_WARN_ENUM_CONVERSION = YES;
				CLANG_WARN_INFINITE_RECURSION = YES;
				CLANG_WARN_INT_CONVERSION = YES;
				CLANG_WARN_NON_LITERAL_NULL_CONVERSION = YES;
				CLANG_WARN_OBJC_IMPLICIT_RETAIN_SELF = YES;
				CLANG_WARN_OBJC_LITERAL_CONVERSION = YES;
				CLANG_WARN_OBJC_ROOT_CLASS = YES_ERROR;
				CLANG_WARN_QUOTED_INCLUDE_IN_FRAMEWORK_HEADER = YES;
				CLANG_WARN_RANGE_LOOP_ANALYSIS = YES;
				CLANG_WARN_STRICT_PROTOTYPES = YES;
				CLANG_WARN_SUSPICIOUS_MOVE = YES;
				CLANG_WARN_UNGUARDED_AVAILABILITY = YES_AGGRESSIVE;
				CLANG_WARN_UNREACHABLE_CODE = YES;
				CLANG_WARN__DUPLICATE_METHOD_MATCH = YES;
				COPY_PHASE_STRIP = NO;
				DEBUG_INFORMATION_FORMAT = dwarf;
				ENABLE_STRICT_OBJC_MSGSEND = YES;
				ENABLE_TESTABILITY = YES;
				GCC_C_LANGUAGE_STANDARD = gnu11;
				GCC_DYNAMIC_NO_PIC = NO;
				GCC_NO_COMMON_BLOCKS = YES;
				GCC_OPTIMIZATION_LEVEL = 0;
				GCC_PREPROCESSOR_DEFINITIONS = (
					"DEBUG=1",
					"$(inherited)",
				);
				GCC_WARN_64_TO_32_BIT_CONVERSION = YES;
				GCC_WARN_ABOUT_RETURN_TYPE = YES_ERROR;
				GCC_WARN_UNDECLARED_SELECTOR = YES;
				GCC_WARN_UNINITIALIZED_AUTOS = YES_AGGRESSIVE;
				GCC_WARN_UNUSED_FUNCTION = YES;
				GCC_WARN_UNUSED_VARIABLE = YES;
				MACOSX_DEPLOYMENT_TARGET = 12.3;
				MTL_ENABLE_DEBUG_INFO = INCLUDE_SOURCE;
				MTL_FAST_MATH = YES;
				ONLY_ACTIVE_ARCH = YES;
				SDKROOT = macosx;
			};
			name = Debug;
		};
		FCC4E3D429C67D1A00952E75 /* Release */ = {
			isa = XCBuildConfiguration;
			buildSettings = {
				ALWAYS_SEARCH_USER_PATHS = NO;
				CLANG_ANALYZER_NONNULL = YES;
				CLANG_ANALYZER_NUMBER_OBJECT_CONVERSION = YES_AGGRESSIVE;
				CLANG_CXX_LANGUAGE_STANDARD = "gnu++17";
				CLANG_ENABLE_MODULES = YES;
				CLANG_ENABLE_OBJC_ARC = YES;
				CLANG_ENABLE_OBJC_WEAK = YES;
				CLANG_WARN_BLOCK_CAPTURE_AUTORELEASING = YES;
				CLANG_WARN_BOOL_CONVERSION = YES;
				CLANG_WARN_COMMA = YES;
				CLANG_WARN_CONSTANT_CONVERSION = YES;
				CLANG_WARN_DEPRECATED_OBJC_IMPLEMENTATIONS = YES;
				CLANG_WARN_DIRECT_OBJC_ISA_USAGE = YES_ERROR;
				CLANG_WARN_DOCUMENTATION_COMMENTS = YES;
				CLANG_WARN_EMPTY_BODY = YES;
				CLANG_WARN_ENUM_CONVERSION = YES;
				CLANG_WARN_INFINITE_RECURSION = YES;
				CLANG_WARN_INT_CONVERSION = YES;
				CLANG_WARN_NON_LITERAL_NULL_CONVERSION = YES;
				CLANG_WARN_OBJC_IMPLICIT_RETAIN_SELF = YES;
				CLANG_WARN_OBJC_LITERAL_CONVERSION = YES;
				CLANG_WARN_OBJC_ROOT_CLASS = YES_ERROR;
				CLANG_WARN_QUOTED_INCLUDE_IN_FRAMEWORK_HEADER = YES;
				CLANG_WARN_RANGE_LOOP_ANALYSIS = YES;
				CLANG_WARN_STRICT_PROTOTYPES = YES;
				CLANG_WARN_SUSPICIOUS_MOVE = YES;
				CLANG_WARN_UNGUARDED_AVAILABILITY = YES_AGGRESSIVE;
				CLANG_WARN_UNREACHABLE_CODE = YES;
				CLANG_WARN__DUPLICATE_METHOD_MATCH = YES;
				COPY_PHASE_STRIP = NO;
				DEBUG_INFORMATION_FORMAT = "dwarf-with-dsym";
				ENABLE_NS_ASSERTIONS = NO;
				ENABLE_STRICT_OBJC_MSGSEND = YES;
				GCC_C_LANGUAGE_STANDARD = gnu11;
				GCC_NO_COMMON_BLOCKS = YES;
				GCC_WARN_64_TO_32_BIT_CONVERSION = YES;
				GCC_WARN_ABOUT_RETURN_TYPE = YES_ERROR;
				GCC_WARN_UNDECLARED_SELECTOR = YES;
				GCC_WARN_UNINITIALIZED_AUTOS = YES_AGGRESSIVE;
				GCC_WARN_UNUSED_FUNCTION = YES;
				GCC_WARN_UNUSED_VARIABLE = YES;
				MACOSX_DEPLOYMENT_TARGET = 12.3;
				MTL_ENABLE_DEBUG_INFO = NO;
				MTL_FAST_MATH = YES;
				SDKROOT = macosx;
			};
			name = Release;
		};
		FCC4E3D629C67D1A00952E75 /* Debug */ = {
			isa = XCBuildConfiguration;
			buildSettings = {
				CODE_SIGN_STYLE = Automatic;
				EXECUTABLE_PREFIX = lib;
				PRODUCT_NAME = "$(TARGET_NAME)";
				SKIP_INSTALL = YES;
			};
			name = Debug;
		};
		FCC4E3D729C67D1A00952E75 /* Release */ = {
			isa = XCBuildConfiguration;
			buildSettings = {
				CODE_SIGN_STYLE = Automatic;
				EXECUTABLE_PREFIX = lib;
				PRODUCT_NAME = "$(TARGET_NAME)";
				SKIP_INSTALL = YES;
			};
			name = Release;
		};
		FCC4E3E929C680D000952E75 /* Debug */ = {
			isa = XCBuildConfiguration;
			buildSettings = {
				CODE_SIGN_STYLE = Automatic;
				PRODUCT_NAME = "$(TARGET_NAME)";
			};
			name = Debug;
		};
		FCC4E3EA29C680D000952E75 /* Release */ = {
			isa = XCBuildConfiguration;
			buildSettings = {
				CODE_SIGN_STYLE = Automatic;
				PRODUCT_NAME = "$(TARGET_NAME)";
			};
			name = Release;
		};
/* End XCBuildConfiguration section */

/* Begin XCConfigurationList section */
		FCC4E3CC29C67D1A00952E75 /* Build configuration list for PBXProject "Neon" */ = {
			isa = XCConfigurationList;
			buildConfigurations = (
				FCC4E3D329C67D1A00952E75 /* Debug */,
				FCC4E3D429C67D1A00952E75 /* Release */,
			);
			defaultConfigurationIsVisible = 0;
			defaultConfigurationName = Release;
		};
		FCC4E3D529C67D1A00952E75 /* Build configuration list for PBXNativeTarget "Neon" */ = {
			isa = XCConfigurationList;
			buildConfigurations = (
				FCC4E3D629C67D1A00952E75 /* Debug */,
				FCC4E3D729C67D1A00952E75 /* Release */,
			);
			defaultConfigurationIsVisible = 0;
			defaultConfigurationName = Release;
		};
		FCC4E3EB29C680D000952E75 /* Build configuration list for PBXNativeTarget "Example" */ = {
			isa = XCConfigurationList;
			buildConfigurations = (
				FCC4E3E929C680D000952E75 /* Debug */,
				FCC4E3EA29C680D000952E75 /* Release */,
			);
			defaultConfigurationIsVisible = 0;
			defaultConfigurationName = Release;
		};
/* End XCConfigurationList section */
	};
	rootObject = FCC4E3C929C67D1A00952E75 /* Project object */;
}
